
Microsoft Visual Studio Solution File, Format Version 12.00
# Visual Studio 15
VisualStudioVersion = 15.0.27130.2010
MinimumVisualStudioVersion = 10.0.40219.1
Project("{F184B08F-C81C-45F6-A57F-5ABD9991F28F}") = "electronicShop", "electronicShop\electronicShop.vbproj", "{7A16AC8D-D122-4449-A026-C46063A2600F}"
EndProject
Global
	GlobalSection(SolutionConfigurationPlatforms) = preSolution
		Debug|Any CPU = Debug|Any CPU
		Release|Any CPU = Release|Any CPU
	EndGlobalSection
	GlobalSection(ProjectConfigurationPlatforms) = postSolution
		{7A16AC8D-D122-4449-A026-C46063A2600F}.Debug|Any CPU.ActiveCfg = Debug|Any CPU
		{7A16AC8D-D122-4449-A026-C46063A2600F}.Debug|Any CPU.Build.0 = Debug|Any CPU
		{7A16AC8D-D122-4449-A026-C46063A2600F}.Release|Any CPU.ActiveCfg = Release|Any CPU
		{7A16AC8D-D122-4449-A026-C46063A2600F}.Release|Any CPU.Build.0 = Release|Any CPU
	EndGlobalSection
	GlobalSection(SolutionProperties) = preSolution
		HideSolutionNode = FALSE
	EndGlobalSection
	GlobalSection(ExtensibilityGlobals) = postSolution
		SolutionGuid = {5EE91826-7990-40B3-81B4-8A162D2577F0}
	EndGlobalSection
EndGlobal
